
Microsoft Visual Studio Solution File, Format Version 12.00
Project("{FAE04EC0-301F-11D3-BF4B-00C04F79EFBC}") = "Catalog.API", "Services\Catalog\Catalog.API\Catalog.API.csproj", "{06245096-1D2F-4DB9-87F1-80E3D09D568B}"
EndProject
Project("{FAE04EC0-301F-11D3-BF4B-00C04F79EFBC}") = "Basket.API", "Services\Basket\Basket.API\Basket.API.csproj", "{FE527880-BD0F-4A7C-B771-A6CE14C84EAB}"
EndProject
Project("{2150E333-8FDC-42A3-9474-1A3956D46DE8}") = "Solution Items", "Solution Items", "{8211A5EF-2FED-40BD-953B-1BA2A0AB2465}"
	ProjectSection(SolutionItems) = preProject
		docker-compose.yml = docker-compose.yml
		docker-compose.override.yml = docker-compose.override.yml
	EndProjectSection
EndProject
Project("{FAE04EC0-301F-11D3-BF4B-00C04F79EFBC}") = "Discount.Common", "Services\Discount\Discount.Common\Discount.Common.csproj", "{3F84BF60-CDDE-4BD9-A56F-623F4170866C}"
EndProject
Project("{FAE04EC0-301F-11D3-BF4B-00C04F79EFBC}") = "Discount.API", "Discount\Discount.API\Discount.API.csproj", "{FD6BD45E-B813-4E47-9BF9-00C5763F3161}"
EndProject
Project("{FAE04EC0-301F-11D3-BF4B-00C04F79EFBC}") = "Discount.API", "Services\Discount\Discount.API\Discount.API.csproj", "{1BE6178D-A148-47F3-8189-1CE96119C77D}"
EndProject
Project("{FAE04EC0-301F-11D3-BF4B-00C04F79EFBC}") = "Discount.GRPC", "Services\Discount\Discount.GRPC\Discount.GRPC.csproj", "{0514922D-DC4C-4A18-8B73-8C5C880982EC}"
EndProject
Project("{FAE04EC0-301F-11D3-BF4B-00C04F79EFBC}") = "Ordering.Domain", "Services\Ordering\Ordering.Domain\Ordering.Domain.csproj", "{0DED5FAF-D949-4A48-B2F1-19CAC887D649}"
EndProject
Project("{FAE04EC0-301F-11D3-BF4B-00C04F79EFBC}") = "Ordering.Application", "Services\Ordering\Ordering.Application\Ordering.Application.csproj", "{368C70DC-168A-4C18-9FEF-BEA2EC4B416E}"
EndProject
Project("{FAE04EC0-301F-11D3-BF4B-00C04F79EFBC}") = "Ordering.Infrastructure", "Services\Ordering\Ordering.Infrastructure\Ordering.Infrastructure.csproj", "{EE422EF9-9B55-47F9-B61A-A9EDBC5DA535}"
EndProject
Project("{FAE04EC0-301F-11D3-BF4B-00C04F79EFBC}") = "Ordering.API", "Services\Ordering\Ordering.API\Ordering.API.csproj", "{68A4D320-3E47-4C4E-B8A4-A59FD4F0AF28}"
EndProject
Project("{FAE04EC0-301F-11D3-BF4B-00C04F79EFBC}") = "EventBus.Messages", "Common\EventBus.Messages\EventBus.Messages.csproj", "{7FF09810-49FD-451A-B11A-0F644C92ECA2}"
EndProject
Project("{FAE04EC0-301F-11D3-BF4B-00C04F79EFBC}") = "IdentityServer", "Security\IdentityServer\IdentityServer.csproj", "{A2732FD5-0CB6-4C78-A784-21F9544AE41A}"
EndProject
Global
	GlobalSection(SolutionConfigurationPlatforms) = preSolution
		Debug|Any CPU = Debug|Any CPU
		Release|Any CPU = Release|Any CPU
	EndGlobalSection
	GlobalSection(ProjectConfigurationPlatforms) = postSolution
		{06245096-1D2F-4DB9-87F1-80E3D09D568B}.Debug|Any CPU.ActiveCfg = Debug|Any CPU
		{06245096-1D2F-4DB9-87F1-80E3D09D568B}.Debug|Any CPU.Build.0 = Debug|Any CPU
		{06245096-1D2F-4DB9-87F1-80E3D09D568B}.Release|Any CPU.ActiveCfg = Release|Any CPU
		{06245096-1D2F-4DB9-87F1-80E3D09D568B}.Release|Any CPU.Build.0 = Release|Any CPU
		{FE527880-BD0F-4A7C-B771-A6CE14C84EAB}.Debug|Any CPU.ActiveCfg = Debug|Any CPU
		{FE527880-BD0F-4A7C-B771-A6CE14C84EAB}.Debug|Any CPU.Build.0 = Debug|Any CPU
		{FE527880-BD0F-4A7C-B771-A6CE14C84EAB}.Release|Any CPU.ActiveCfg = Release|Any CPU
		{FE527880-BD0F-4A7C-B771-A6CE14C84EAB}.Release|Any CPU.Build.0 = Release|Any CPU
		{3F84BF60-CDDE-4BD9-A56F-623F4170866C}.Debug|Any CPU.ActiveCfg = Debug|Any CPU
		{3F84BF60-CDDE-4BD9-A56F-623F4170866C}.Debug|Any CPU.Build.0 = Debug|Any CPU
		{3F84BF60-CDDE-4BD9-A56F-623F4170866C}.Release|Any CPU.ActiveCfg = Release|Any CPU
		{3F84BF60-CDDE-4BD9-A56F-623F4170866C}.Release|Any CPU.Build.0 = Release|Any CPU
		{FD6BD45E-B813-4E47-9BF9-00C5763F3161}.Debug|Any CPU.ActiveCfg = Debug|Any CPU
		{FD6BD45E-B813-4E47-9BF9-00C5763F3161}.Debug|Any CPU.Build.0 = Debug|Any CPU
		{FD6BD45E-B813-4E47-9BF9-00C5763F3161}.Release|Any CPU.ActiveCfg = Release|Any CPU
		{FD6BD45E-B813-4E47-9BF9-00C5763F3161}.Release|Any CPU.Build.0 = Release|Any CPU
		{1BE6178D-A148-47F3-8189-1CE96119C77D}.Debug|Any CPU.ActiveCfg = Debug|Any CPU
		{1BE6178D-A148-47F3-8189-1CE96119C77D}.Debug|Any CPU.Build.0 = Debug|Any CPU
		{1BE6178D-A148-47F3-8189-1CE96119C77D}.Release|Any CPU.ActiveCfg = Release|Any CPU
		{1BE6178D-A148-47F3-8189-1CE96119C77D}.Release|Any CPU.Build.0 = Release|Any CPU
		{0514922D-DC4C-4A18-8B73-8C5C880982EC}.Debug|Any CPU.ActiveCfg = Debug|Any CPU
		{0514922D-DC4C-4A18-8B73-8C5C880982EC}.Debug|Any CPU.Build.0 = Debug|Any CPU
		{0514922D-DC4C-4A18-8B73-8C5C880982EC}.Release|Any CPU.ActiveCfg = Release|Any CPU
		{0514922D-DC4C-4A18-8B73-8C5C880982EC}.Release|Any CPU.Build.0 = Release|Any CPU
		{0DED5FAF-D949-4A48-B2F1-19CAC887D649}.Debug|Any CPU.ActiveCfg = Debug|Any CPU
		{0DED5FAF-D949-4A48-B2F1-19CAC887D649}.Debug|Any CPU.Build.0 = Debug|Any CPU
		{0DED5FAF-D949-4A48-B2F1-19CAC887D649}.Release|Any CPU.ActiveCfg = Release|Any CPU
		{0DED5FAF-D949-4A48-B2F1-19CAC887D649}.Release|Any CPU.Build.0 = Release|Any CPU
		{368C70DC-168A-4C18-9FEF-BEA2EC4B416E}.Debug|Any CPU.ActiveCfg = Debug|Any CPU
		{368C70DC-168A-4C18-9FEF-BEA2EC4B416E}.Debug|Any CPU.Build.0 = Debug|Any CPU
		{368C70DC-168A-4C18-9FEF-BEA2EC4B416E}.Release|Any CPU.ActiveCfg = Release|Any CPU
		{368C70DC-168A-4C18-9FEF-BEA2EC4B416E}.Release|Any CPU.Build.0 = Release|Any CPU
		{EE422EF9-9B55-47F9-B61A-A9EDBC5DA535}.Debug|Any CPU.ActiveCfg = Debug|Any CPU
		{EE422EF9-9B55-47F9-B61A-A9EDBC5DA535}.Debug|Any CPU.Build.0 = Debug|Any CPU
		{EE422EF9-9B55-47F9-B61A-A9EDBC5DA535}.Release|Any CPU.ActiveCfg = Release|Any CPU
		{EE422EF9-9B55-47F9-B61A-A9EDBC5DA535}.Release|Any CPU.Build.0 = Release|Any CPU
		{68A4D320-3E47-4C4E-B8A4-A59FD4F0AF28}.Debug|Any CPU.ActiveCfg = Debug|Any CPU
		{68A4D320-3E47-4C4E-B8A4-A59FD4F0AF28}.Debug|Any CPU.Build.0 = Debug|Any CPU
		{68A4D320-3E47-4C4E-B8A4-A59FD4F0AF28}.Release|Any CPU.ActiveCfg = Release|Any CPU
		{68A4D320-3E47-4C4E-B8A4-A59FD4F0AF28}.Release|Any CPU.Build.0 = Release|Any CPU
		{7FF09810-49FD-451A-B11A-0F644C92ECA2}.Debug|Any CPU.ActiveCfg = Debug|Any CPU
		{7FF09810-49FD-451A-B11A-0F644C92ECA2}.Debug|Any CPU.Build.0 = Debug|Any CPU
		{7FF09810-49FD-451A-B11A-0F644C92ECA2}.Release|Any CPU.ActiveCfg = Release|Any CPU
		{7FF09810-49FD-451A-B11A-0F644C92ECA2}.Release|Any CPU.Build.0 = Release|Any CPU
		{A2732FD5-0CB6-4C78-A784-21F9544AE41A}.Debug|Any CPU.ActiveCfg = Debug|Any CPU
		{A2732FD5-0CB6-4C78-A784-21F9544AE41A}.Debug|Any CPU.Build.0 = Debug|Any CPU
		{A2732FD5-0CB6-4C78-A784-21F9544AE41A}.Release|Any CPU.ActiveCfg = Release|Any CPU
		{A2732FD5-0CB6-4C78-A784-21F9544AE41A}.Release|Any CPU.Build.0 = Release|Any CPU
	EndGlobalSection
EndGlobal
